Microsoft Visual Studio Solution File, Format Version 12.00
# Visual Studio Version 17
VisualStudioVersion = 17.5.2.0
MinimumVisualStudioVersion = 10.0.40219.1
Project("{FAE04EC0-301F-11D3-BF4B-00C04F79EFBC}") = "ITI-Day-1", "ITI-Day-1.csproj", "{A3DDCC0C-73BC-A6CB-1DF5-7497889A9187}"
EndProject
Global
	GlobalSection(SolutionConfigurationPlatforms) = preSolution
		Debug|Any CPU = Debug|Any CPU
		Release|Any CPU = Release|Any CPU
	EndGlobalSection
	GlobalSection(ProjectConfigurationPlatforms) = postSolution
		{A3DDCC0C-73BC-A6CB-1DF5-7497889A9187}.Debug|Any CPU.ActiveCfg = Debug|Any CPU
		{A3DDCC0C-73BC-A6CB-1DF5-7497889A9187}.Debug|Any CPU.Build.0 = Debug|Any CPU
		{A3DDCC0C-73BC-A6CB-1DF5-7497889A9187}.Release|Any CPU.ActiveCfg = Release|Any CPU
		{A3DDCC0C-73BC-A6CB-1DF5-7497889A9187}.Release|Any CPU.Build.0 = Release|Any CPU
	EndGlobalSection
	GlobalSection(SolutionProperties) = preSolution
		HideSolutionNode = FALSE
	EndGlobalSection
	GlobalSection(ExtensibilityGlobals) = postSolution
		SolutionGuid = {3015766C-21CA-4B5A-851A-365FDD860FC8}
	EndGlobalSection
EndGlobal
